
Microsoft Visual Studio Solution File, Format Version 12.00
# Visual Studio Version 17
VisualStudioVersion = 17.1.32228.430
MinimumVisualStudioVersion = 10.0.40219.1
Project("{9A19103F-16F7-4668-BE54-9A1E7A4F7556}") = "SFSimulator.API", "SFSimulator.API\SFSimulator.API.csproj", "{66DFEA8C-130C-4A0C-9928-5D30725207A7}"
EndProject
Project("{9A19103F-16F7-4668-BE54-9A1E7A4F7556}") = "SFSimulator.Core", "SFSimulator.Core\SFSimulator.Core.csproj", "{81165A77-000E-4BA8-94EF-F50023CB5889}"
EndProject
Project("{54A90642-561A-4BB1-A94E-469ADEE60C69}") = "SFSimulator.Web", "SFSimulator.Web\SFSimulator.Web.esproj", "{41D3F51E-63B9-4A9D-AD21-2F192D7987D7}"
EndProject
Project("{9A19103F-16F7-4668-BE54-9A1E7A4F7556}") = "SFSimulator.Tests", "SFSimulator.Tests\SFSimulator.Tests.csproj", "{312FC297-4FEB-4BE2-B14E-533DED914C0C}"
EndProject
Project("{9A19103F-16F7-4668-BE54-9A1E7A4F7556}") = "SFSteroids", "SFSteroids\SFSteroids.csproj", "{02797090-C50A-4144-BF1F-DE52232D3936}"
EndProject
Project("{9A19103F-16F7-4668-BE54-9A1E7A4F7556}") = "SFSimulator.Frontend", "SFSimulator.Frontend\SFSimulator.Frontend.csproj", "{BD16EEBF-B394-4665-873E-9D497B98173E}"
EndProject
Global
	GlobalSection(SolutionConfigurationPlatforms) = preSolution
		Debug|Any CPU = Debug|Any CPU
		Release|Any CPU = Release|Any CPU
	EndGlobalSection
	GlobalSection(ProjectConfigurationPlatforms) = postSolution
		{66DFEA8C-130C-4A0C-9928-5D30725207A7}.Debug|Any CPU.ActiveCfg = Debug|Any CPU
		{66DFEA8C-130C-4A0C-9928-5D30725207A7}.Debug|Any CPU.Build.0 = Debug|Any CPU
		{66DFEA8C-130C-4A0C-9928-5D30725207A7}.Release|Any CPU.ActiveCfg = Release|Any CPU
		{66DFEA8C-130C-4A0C-9928-5D30725207A7}.Release|Any CPU.Build.0 = Release|Any CPU
		{81165A77-000E-4BA8-94EF-F50023CB5889}.Debug|Any CPU.ActiveCfg = Debug|Any CPU
		{81165A77-000E-4BA8-94EF-F50023CB5889}.Debug|Any CPU.Build.0 = Debug|Any CPU
		{81165A77-000E-4BA8-94EF-F50023CB5889}.Release|Any CPU.ActiveCfg = Release|Any CPU
		{81165A77-000E-4BA8-94EF-F50023CB5889}.Release|Any CPU.Build.0 = Release|Any CPU
		{41D3F51E-63B9-4A9D-AD21-2F192D7987D7}.Debug|Any CPU.ActiveCfg = Debug|Any CPU
		{41D3F51E-63B9-4A9D-AD21-2F192D7987D7}.Debug|Any CPU.Build.0 = Debug|Any CPU
		{41D3F51E-63B9-4A9D-AD21-2F192D7987D7}.Debug|Any CPU.Deploy.0 = Debug|Any CPU
		{41D3F51E-63B9-4A9D-AD21-2F192D7987D7}.Release|Any CPU.ActiveCfg = Release|Any CPU
		{41D3F51E-63B9-4A9D-AD21-2F192D7987D7}.Release|Any CPU.Build.0 = Release|Any CPU
		{41D3F51E-63B9-4A9D-AD21-2F192D7987D7}.Release|Any CPU.Deploy.0 = Release|Any CPU
		{312FC297-4FEB-4BE2-B14E-533DED914C0C}.Debug|Any CPU.ActiveCfg = Debug|Any CPU
		{312FC297-4FEB-4BE2-B14E-533DED914C0C}.Debug|Any CPU.Build.0 = Debug|Any CPU
		{312FC297-4FEB-4BE2-B14E-533DED914C0C}.Release|Any CPU.ActiveCfg = Release|Any CPU
		{312FC297-4FEB-4BE2-B14E-533DED914C0C}.Release|Any CPU.Build.0 = Release|Any CPU
		{02797090-C50A-4144-BF1F-DE52232D3936}.Debug|Any CPU.ActiveCfg = Debug|Any CPU
		{02797090-C50A-4144-BF1F-DE52232D3936}.Debug|Any CPU.Build.0 = Debug|Any CPU
		{02797090-C50A-4144-BF1F-DE52232D3936}.Release|Any CPU.ActiveCfg = Release|Any CPU
		{02797090-C50A-4144-BF1F-DE52232D3936}.Release|Any CPU.Build.0 = Release|Any CPU
		{BD16EEBF-B394-4665-873E-9D497B98173E}.Debug|Any CPU.ActiveCfg = Debug|Any CPU
		{BD16EEBF-B394-4665-873E-9D497B98173E}.Debug|Any CPU.Build.0 = Debug|Any CPU
		{BD16EEBF-B394-4665-873E-9D497B98173E}.Release|Any CPU.ActiveCfg = Release|Any CPU
		{BD16EEBF-B394-4665-873E-9D497B98173E}.Release|Any CPU.Build.0 = Release|Any CPU
	EndGlobalSection
	GlobalSection(SolutionProperties) = preSolution
		HideSolutionNode = FALSE
	EndGlobalSection
	GlobalSection(ExtensibilityGlobals) = postSolution
		SolutionGuid = {3C7F8090-64FE-4B2D-A637-05DF1894DA45}
	EndGlobalSection
EndGlobal
